{
  "name": "Krishna_Camps",
  "lockfileVersion": 3,
  "requires": true,
  "packages": {
    "": {
      "dependencies": {
        "nodemailer": "^7.0.10",
        "nodemailer-sendinblue-transport": "^2.0.1"
      }
    },
    "node_modules/nodemailer": {
      "version": "7.0.10",
      "resolved": "https://registry.npmjs.org/nodemailer/-/nodemailer-7.0.10.tgz",
      "integrity": "sha512-Us/Se1WtT0ylXgNFfyFSx4LElllVLJXQjWi2Xz17xWw7amDKO2MLtFnVp1WACy7GkVGs+oBlRopVNUzlrGSw1w==",
      "license": "MIT-0",
      "engines": {
        "node": ">=6.0.0"
      }
    },
    "node_modules/nodemailer-sendinblue-transport": {
      "version": "2.0.1",
      "resolved": "https://registry.npmjs.org/nodemailer-sendinblue-transport/-/nodemailer-sendinblue-transport-2.0.1.tgz",
      "integrity": "sha512-AtkLImrKkiks8ukP5JKd98U9mkumlg054deLrJ8O2KMVr9tcxcAybrZjNHhc4PfPl36SQkLtxXKOti0jJCHPgg==",
      "deprecated": "rebrandeding, use nodemailer-brevo-transport instead",
      "license": "MIT"
    }
  }
}
